Microsoft Visual Studio Solution File, Format Version 12.00
# Visual Studio Version 17
VisualStudioVersion = 17.5.2.0
MinimumVisualStudioVersion = 10.0.40219.1
Project("{FAE04EC0-301F-11D3-BF4B-00C04F79EFBC}") = "OfficeFlow", "OfficeFlow.csproj", "{659CD4B8-F23B-C374-F6EC-F7B04AA53506}"
EndProject
Global
	GlobalSection(SolutionConfigurationPlatforms) = preSolution
		Debug|Any CPU = Debug|Any CPU
		Release|Any CPU = Release|Any CPU
	EndGlobalSection
	GlobalSection(ProjectConfigurationPlatforms) = postSolution
		{659CD4B8-F23B-C374-F6EC-F7B04AA53506}.Debug|Any CPU.ActiveCfg = Debug|Any CPU
		{659CD4B8-F23B-C374-F6EC-F7B04AA53506}.Debug|Any CPU.Build.0 = Debug|Any CPU
		{659CD4B8-F23B-C374-F6EC-F7B04AA53506}.Release|Any CPU.ActiveCfg = Release|Any CPU
		{659CD4B8-F23B-C374-F6EC-F7B04AA53506}.Release|Any CPU.Build.0 = Release|Any CPU
	EndGlobalSection
	GlobalSection(SolutionProperties) = preSolution
		HideSolutionNode = FALSE
	EndGlobalSection
	GlobalSection(ExtensibilityGlobals) = postSolution
		SolutionGuid = {1BA8E442-8870-4788-84DC-3EC9997C6C5A}
	EndGlobalSection
EndGlobal
